{
 "concrete_specs": {
  "iam4ahxdei7vwsqkxj3b3e2m3fqupugy": {
   "mpfr": {
    "version": "3.1.6",
    "arch": {
     "platform": "linux",
     "platform_os": "rhel7",
     "target": "x86_64"
    },
    "compiler": {
     "name": "gcc",
     "version": "4.8.5"
    },
    "namespace": "builtin",
    "parameters": {
     "patches": [
      "7a6dd71bcda4803d6b89612706a17b8816e1acd5dd9bf1bec29cf748f3b60008"
     ],
     "cflags": [],
     "cppflags": [],
     "cxxflags": [],
     "fflags": [],
     "ldflags": [],
     "ldlibs": []
    },
    "patches": [
     "7a6dd71bcda4803d6b89612706a17b8816e1acd5dd9bf1bec29cf748f3b60008"
    ],
    "dependencies": {
     "autoconf": {
      "hash": "dlzogfte3l5x7tpnbz3q26sjdzxovrdz",
      "type": [
       "build"
      ]
     },
     "automake": {
      "hash": "jmavzf732dxsytwyufckhtlsqyogk2r5",
      "type": [
       "build"
      ]
     },
     "gmp": {
      "hash": "vajrocph3lbjgq35meintoikbsgamuxp",
      "type": [
       "build",
       "link"
      ]
     },
     "libtool": {
      "hash": "5hn4u4rwm25bfhayvsyunyn52tetdnjz",
      "type": [
       "build"
      ]
     },
     "m4": {
      "hash": "ev45r332cw47iju4uqcgfpncce6eo7fu",
      "type": [
       "build"
      ]
     }
    },
    "hash": "dtuye2gzm4hj5azewnjirvbdhvpqsmku"
   }
  },
  "27l4ciaepaktlfmwz32plpzshbjfsdpb": {
   "readline": {
    "version": "8.0",
    "arch": {
     "platform": "linux",
     "platform_os": "rhel7",
     "target": "x86_64"
    },
    "compiler": {
     "name": "gcc",
     "version": "4.8.5"
    },
    "namespace": "builtin",
    "parameters": {
     "cflags": [],
     "cppflags": [],
     "cxxflags": [],
     "fflags": [],
     "ldflags": [],
     "ldlibs": []
    },
    "dependencies": {
     "ncurses": {
      "hash": "oi7pfurrre3wpndcnoo4gfuc24x7773k",
      "type": [
       "build",
       "link"
      ]
     }
    },
    "hash": "q67xey7wgqvkgmrdexjap55ikir6fujy"
   }
  },
  "ovuu7curwnaicby3lgtvruypuaiwagrf": {
   "pkg-config": {
    "version": "0.29.2",
    "arch": {
     "platform": "linux",
     "platform_os": "rhel7",
     "target": "x86_64"
    },
    "compiler": {
     "name": "gcc",
     "version": "4.8.5"
    },
    "namespace": "builtin",
    "parameters": {
     "internal_glib": true,
     "cflags": [],
     "cppflags": [],
     "cxxflags": [],
     "fflags": [],
     "ldflags": [],
     "ldlibs": []
    },
    "hash": "ovuu7curwnaicby3lgtvruypuaiwagrf"
   }
  },
  "dlzogfte3l5x7tpnbz3q26sjdzxovrdz": {
   "autoconf": {
    "version": "2.69",
    "arch": {
     "platform": "linux",
     "platform_os": "rhel7",
     "target": "x86_64"
    },
    "compiler": {
     "name": "gcc",
     "version": "4.8.5"
    },
    "namespace": "builtin",
    "parameters": {
     "cflags": [],
     "cppflags": [],
     "cxxflags": [],
     "fflags": [],
     "ldflags": [],
     "ldlibs": []
    },
    "dependencies": {
     "m4": {
      "hash": "ev45r332cw47iju4uqcgfpncce6eo7fu",
      "type": [
       "build",
       "run"
      ]
     },
     "perl": {
      "hash": "ot2fjhxucuvu6v34hdpbxp7ea5b3h3g3",
      "type": [
       "build",
       "run"
      ]
     }
    },
    "hash": "ikkondwa5jacnodgmhgjfqqevnu4ga7r"
   }
  },
  "3ea2me3h4to2lpxo2w3get7hwsawfiyx": {
   "isl": {
    "version": "0.20",
    "arch": {
     "platform": "linux",
     "platform_os": "rhel7",
     "target": "x86_64"
    },
    "compiler": {
     "name": "gcc",
     "version": "4.8.5"
    },
    "namespace": "builtin",
    "parameters": {
     "cflags": [],
     "cppflags": [],
     "cxxflags": [],
     "fflags": [],
     "ldflags": [],
     "ldlibs": []
    },
    "dependencies": {
     "gmp": {
      "hash": "vajrocph3lbjgq35meintoikbsgamuxp",
      "type": [
       "build",
       "link"
      ]
     }
    },
    "hash": "rxbbpu3n6s6dkhm3pg6aagexb7qja5de"
   }
  },
  "5hn4u4rwm25bfhayvsyunyn52tetdnjz": {
   "libtool": {
    "version": "2.4.6",
    "arch": {
     "platform": "linux",
     "platform_os": "rhel7",
     "target": "x86_64"
    },
    "compiler": {
     "name": "gcc",
     "version": "4.8.5"
    },
    "namespace": "builtin",
    "parameters": {
     "cflags": [],
     "cppflags": [],
     "cxxflags": [],
     "fflags": [],
     "ldflags": [],
     "ldlibs": []
    },
    "dependencies": {
     "m4": {
      "hash": "ev45r332cw47iju4uqcgfpncce6eo7fu",
      "type": [
       "build"
      ]
     }
    },
    "hash": "hnkxexo3srgcj7kv3ytndm35s63z3x7e"
   }
  },
  "ev45r332cw47iju4uqcgfpncce6eo7fu": {
   "m4": {
    "version": "1.4.18",
    "arch": {
     "platform": "linux",
     "platform_os": "rhel7",
     "target": "x86_64"
    },
    "compiler": {
     "name": "gcc",
     "version": "4.8.5"
    },
    "namespace": "builtin",
    "parameters": {
     "patches": [
      "3877ab548f88597ab2327a2230ee048d2d07ace1062efe81fc92e91b7f39cd00",
      "fc9b61654a3ba1a8d6cd78ce087e7c96366c290bc8d2c299f09828d793b853c8"
     ],
     "sigsegv": true,
     "cflags": [],
     "cppflags": [],
     "cxxflags": [],
     "fflags": [],
     "ldflags": [],
     "ldlibs": []
    },
    "patches": [
     "3877ab548f88597ab2327a2230ee048d2d07ace1062efe81fc92e91b7f39cd00",
     "fc9b61654a3ba1a8d6cd78ce087e7c96366c290bc8d2c299f09828d793b853c8"
    ],
    "dependencies": {
     "libsigsegv": {
      "hash": "dpvxtlhepede3anvw3hlp2gl27w3o4tj",
      "type": [
       "build",
       "link"
      ]
     }
    },
    "hash": "ev45r332cw47iju4uqcgfpncce6eo7fu"
   }
  },
  "vhzh5cfaki5lx5sjuth5iuojq5azdkbd": {
   "zlib": {
    "version": "1.2.11",
    "arch": {
     "platform": "linux",
     "platform_os": "rhel7",
     "target": "x86_64"
    },
    "compiler": {
     "name": "gcc",
     "version": "4.8.5"
    },
    "namespace": "builtin",
    "parameters": {
     "optimize": true,
     "pic": true,
     "shared": true,
     "cflags": [],
     "cppflags": [],
     "cxxflags": [],
     "fflags": [],
     "ldflags": [],
     "ldlibs": []
    },
    "hash": "vhzh5cfaki5lx5sjuth5iuojq5azdkbd"
   }
  },
  "obdzp7nd2eknwhvxgdaerxukudol5seo": {
   "gdbm": {
    "version": "1.18.1",
    "arch": {
     "platform": "linux",
     "platform_os": "rhel7",
     "target": "x86_64"
    },
    "compiler": {
     "name": "gcc",
     "version": "4.8.5"
    },
    "namespace": "builtin",
    "parameters": {
     "cflags": [],
     "cppflags": [],
     "cxxflags": [],
     "fflags": [],
     "ldflags": [],
     "ldlibs": []
    },
    "dependencies": {
     "readline": {
      "hash": "27l4ciaepaktlfmwz32plpzshbjfsdpb",
      "type": [
       "build",
       "link"
      ]
     }
    },
    "hash": "f3fpsq3lodskupc5j243ubcmxwylhuep"
   }
  },
  "xa5bncjlvpxjpgjijy3hcafwoivk3b4x": {
   "gcc": {
    "version": "9.3.0",
    "arch": {
     "platform": "linux",
     "platform_os": "rhel7",
     "target": "x86_64"
    },
    "compiler": {
     "name": "gcc",
     "version": "4.8.5"
    },
    "namespace": "builtin",
    "parameters": {
     "binutils": false,
     "languages": [
      "c",
      "c++",
      "fortran"
     ],
     "nvptx": false,
     "piclibs": false,
     "strip": false,
     "cflags": [],
     "cppflags": [],
     "cxxflags": [],
     "fflags": [],
     "ldflags": [],
     "ldlibs": []
    },
    "dependencies": {
     "gmp": {
      "hash": "vajrocph3lbjgq35meintoikbsgamuxp",
      "type": [
       "build",
       "link"
      ]
     },
     "isl": {
      "hash": "3ea2me3h4to2lpxo2w3get7hwsawfiyx",
      "type": [
       "build",
       "link"
      ]
     },
     "mpc": {
      "hash": "mcxlmerqeni6mg4yr4ynkok525e4yncz",
      "type": [
       "build",
       "link"
      ]
     },
     "mpfr": {
      "hash": "iam4ahxdei7vwsqkxj3b3e2m3fqupugy",
      "type": [
       "build",
       "link"
      ]
     },
     "zlib": {
      "hash": "vhzh5cfaki5lx5sjuth5iuojq5azdkbd",
      "type": [
       "build",
       "link"
      ]
     }
    },
    "hash": "msak6hihss5bvvtxpyihaajmywauagjl"
   }
  },
  "mcxlmerqeni6mg4yr4ynkok525e4yncz": {
   "mpc": {
    "version": "1.1.0",
    "arch": {
     "platform": "linux",
     "platform_os": "rhel7",
     "target": "x86_64"
    },
    "compiler": {
     "name": "gcc",
     "version": "4.8.5"
    },
    "namespace": "builtin",
    "parameters": {
     "cflags": [],
     "cppflags": [],
     "cxxflags": [],
     "fflags": [],
     "ldflags": [],
     "ldlibs": []
    },
    "dependencies": {
     "gmp": {
      "hash": "vajrocph3lbjgq35meintoikbsgamuxp",
      "type": [
       "build",
       "link"
      ]
     },
     "mpfr": {
      "hash": "iam4ahxdei7vwsqkxj3b3e2m3fqupugy",
      "type": [
       "build",
       "link"
      ]
     }
    },
    "hash": "bmas2nmyudxlszaoasemkqbia5khd5d7"
   }
  },
  "dpvxtlhepede3anvw3hlp2gl27w3o4tj": {
   "libsigsegv": {
    "version": "2.12",
    "arch": {
     "platform": "linux",
     "platform_os": "rhel7",
     "target": "x86_64"
    },
    "compiler": {
     "name": "gcc",
     "version": "4.8.5"
    },
    "namespace": "builtin",
    "parameters": {
     "cflags": [],
     "cppflags": [],
     "cxxflags": [],
     "fflags": [],
     "ldflags": [],
     "ldlibs": []
    },
    "hash": "dpvxtlhepede3anvw3hlp2gl27w3o4tj"
   }
  },
  "vajrocph3lbjgq35meintoikbsgamuxp": {
   "gmp": {
    "version": "6.1.2",
    "arch": {
     "platform": "linux",
     "platform_os": "rhel7",
     "target": "x86_64"
    },
    "compiler": {
     "name": "gcc",
     "version": "4.8.5"
    },
    "namespace": "builtin",
    "parameters": {
     "cflags": [],
     "cppflags": [],
     "cxxflags": [],
     "fflags": [],
     "ldflags": [],
     "ldlibs": []
    },
    "dependencies": {
     "autoconf": {
      "hash": "dlzogfte3l5x7tpnbz3q26sjdzxovrdz",
      "type": [
       "build"
      ]
     },
     "automake": {
      "hash": "jmavzf732dxsytwyufckhtlsqyogk2r5",
      "type": [
       "build"
      ]
     },
     "libtool": {
      "hash": "5hn4u4rwm25bfhayvsyunyn52tetdnjz",
      "type": [
       "build"
      ]
     },
     "m4": {
      "hash": "ev45r332cw47iju4uqcgfpncce6eo7fu",
      "type": [
       "build"
      ]
     }
    },
    "hash": "5odxtlxihbfjtj4dxo52oz5f7r6ir6jk"
   }
  },
  "oi7pfurrre3wpndcnoo4gfuc24x7773k": {
   "ncurses": {
    "version": "6.2",
    "arch": {
     "platform": "linux",
     "platform_os": "rhel7",
     "target": "x86_64"
    },
    "compiler": {
     "name": "gcc",
     "version": "4.8.5"
    },
    "namespace": "builtin",
    "parameters": {
     "symlinks": false,
     "termlib": true,
     "cflags": [],
     "cppflags": [],
     "cxxflags": [],
     "fflags": [],
     "ldflags": [],
     "ldlibs": []
    },
    "dependencies": {
     "pkg-config": {
      "hash": "ovuu7curwnaicby3lgtvruypuaiwagrf",
      "type": [
       "build"
      ]
     }
    },
    "hash": "n5qqcguk3jpuwnjrphaxx7durfyalqiu"
   }
  },
  "jmavzf732dxsytwyufckhtlsqyogk2r5": {
   "automake": {
    "version": "1.16.2",
    "arch": {
     "platform": "linux",
     "platform_os": "rhel7",
     "target": "x86_64"
    },
    "compiler": {
     "name": "gcc",
     "version": "4.8.5"
    },
    "namespace": "builtin",
    "parameters": {
     "cflags": [],
     "cppflags": [],
     "cxxflags": [],
     "fflags": [],
     "ldflags": [],
     "ldlibs": []
    },
    "dependencies": {
     "autoconf": {
      "hash": "dlzogfte3l5x7tpnbz3q26sjdzxovrdz",
      "type": [
       "build"
      ]
     },
     "perl": {
      "hash": "ot2fjhxucuvu6v34hdpbxp7ea5b3h3g3",
      "type": [
       "build",
       "run"
      ]
     }
    },
    "hash": "rxsimdmyci34jxedg4p2pdi4s5etiolo"
   }
  },
  "ot2fjhxucuvu6v34hdpbxp7ea5b3h3g3": {
   "perl": {
    "version": "5.30.2",
    "arch": {
     "platform": "linux",
     "platform_os": "rhel7",
     "target": "x86_64"
    },
    "compiler": {
     "name": "gcc",
     "version": "4.8.5"
    },
    "namespace": "builtin",
    "parameters": {
     "cpanm": true,
     "shared": true,
     "threads": true,
     "cflags": [],
     "cppflags": [],
     "cxxflags": [],
     "fflags": [],
     "ldflags": [],
     "ldlibs": []
    },
    "dependencies": {
     "gdbm": {
      "hash": "obdzp7nd2eknwhvxgdaerxukudol5seo",
      "type": [
       "build",
       "link"
      ]
     }
    },
    "hash": "kk2ocxakhhuf74rq7l5rcd7l2btqh5fa"
   }
  },
  "gfwq2ijxdrtrkcft3hjxc5ch73qpzvgj": {
   "intel-parallel-studio": {
    "version": "cluster.2020.1",
    "arch": {
     "platform": "linux",
     "platform_os": "rhel7",
     "target": "x86_64"
    },
    "compiler": {
     "name": "gcc",
     "version": "4.8.5"
    },
    "namespace": "builtin",
    "parameters": {
     "advisor": false,
     "auto_dispatch": [
      "none"
     ],
     "clck": false,
     "daal": true,
     "gdb": false,
     "ilp64": false,
     "inspector": false,
     "ipp": true,
     "itac": false,
     "mkl": true,
     "mpi": true,
     "newdtags": false,
     "rpath": true,
     "shared": true,
     "tbb": true,
     "threads": "none",
     "vtune": false,
     "cflags": [],
     "cppflags": [],
     "cxxflags": [],
     "fflags": [],
     "ldflags": [],
     "ldlibs": []
    },
    "hash": "gfwq2ijxdrtrkcft3hjxc5ch73qpzvgj"
   }
  }
 },
 "_meta": {
  "lockfile-version": 2,
  "file-type": "spack-lockfile"
 },
 "roots": [
  {
   "hash": "xa5bncjlvpxjpgjijy3hcafwoivk3b4x",
   "spec": "gcc@9.3.0"
  },
  {
   "hash": "gfwq2ijxdrtrkcft3hjxc5ch73qpzvgj",
   "spec": "intel-parallel-studio@cluster.2020.1"
  }
 ]
}